# THIS IS AN AUTOGENERATED FILE. DO NOT EDIT THIS FILE DIRECTLY.
# yarn lockfile v1


accepts@1.3.3, accepts@~1.3.3:
  version "1.3.3"
  resolved "http://registry.npm.taobao.org/accepts/download/accepts-1.3.3.tgz#c3ca7434938648c3e0d9c1e328dd68b622c284ca"
  dependencies:
    mime-types "~2.1.11"
    negotiator "0.6.1"

after@0.8.1:
  version "0.8.1"
  resolved "http://registry.npm.taobao.org/after/download/after-0.8.1.tgz#ab5d4fb883f596816d3515f8f791c0af486dd627"

array-flatten@1.1.1:
  version "1.1.1"
  resolved "https://registry.npmjs.org/array-flatten/-/array-flatten-1.1.1.tgz#9a5f699051b1e7073328f2a008968b64ea2955d2"

arraybuffer.slice@0.0.6:
  version "0.0.6"
  resolved "http://registry.npm.taobao.org/arraybuffer.slice/download/arraybuffer.slice-0.0.6.tgz#f33b2159f0532a3f3107a272c0ccfbd1ad2979ca"

backo2@1.0.2:
  version "1.0.2"
  resolved "http://registry.npm.taobao.org/backo2/download/backo2-1.0.2.tgz#31ab1ac8b129363463e35b3ebb69f4dfcfba7947"

base64-arraybuffer@0.1.5:
  version "0.1.5"
  resolved "http://registry.npm.taobao.org/base64-arraybuffer/download/base64-arraybuffer-0.1.5.tgz#73926771923b5a19747ad666aa5cd4bf9c6e9ce8"

base64id@0.1.0:
  version "0.1.0"
  resolved "http://registry.npm.taobao.org/base64id/download/base64id-0.1.0.tgz#02ce0fdeee0cef4f40080e1e73e834f0b1bfce3f"

better-assert@~1.0.0:
  version "1.0.2"
  resolved "http://registry.npm.taobao.org/better-assert/download/better-assert-1.0.2.tgz#40866b9e1b9e0b55b481894311e68faffaebc522"
  dependencies:
    callsite "1.0.0"

blob@0.0.4:
  version "0.0.4"
  resolved "http://registry.npm.taobao.org/blob/download/blob-0.0.4.tgz#bcf13052ca54463f30f9fc7e95b9a47630a94921"

callsite@1.0.0:
  version "1.0.0"
  resolved "http://registry.npm.taobao.org/callsite/download/callsite-1.0.0.tgz#280398e5d664bd74038b6f0905153e6e8af1bc20"

component-bind@1.0.0:
  version "1.0.0"
  resolved "http://registry.npm.taobao.org/component-bind/download/component-bind-1.0.0.tgz#00c608ab7dcd93897c0009651b1d3a8e1e73bbd1"

component-emitter@1.1.2:
  version "1.1.2"
  resolved "http://registry.npm.taobao.org/component-emitter/download/component-emitter-1.1.2.tgz#296594f2753daa63996d2af08d15a95116c9aec3"

component-emitter@1.2.1:
  version "1.2.1"
  resolved "http://registry.npm.taobao.org/component-emitter/download/component-emitter-1.2.1.tgz#137918d6d78283f7df7a6b7c5a63e140e69425e6"

component-inherit@0.0.3:
  version "0.0.3"
  resolved "http://registry.npm.taobao.org/component-inherit/download/component-inherit-0.0.3.tgz#645fc4adf58b72b649d5cae65135619db26ff143"

content-disposition@0.5.1:
  version "0.5.1"
  resolved "https://registry.npmjs.org/content-disposition/-/content-disposition-0.5.1.tgz#87476c6a67c8daa87e32e87616df883ba7fb071b"

content-type@~1.0.2:
  version "1.0.2"
  resolved "https://registry.npmjs.org/content-type/-/content-type-1.0.2.tgz#b7d113aee7a8dd27bd21133c4dc2529df1721eed"

cookie-signature@1.0.6:
  version "1.0.6"
  resolved "https://registry.npmjs.org/cookie-signature/-/cookie-signature-1.0.6.tgz#e303a882b342cc3ee8ca513a79999734dab3ae2c"

cookie@0.3.1:
  version "0.3.1"
  resolved "http://registry.npm.taobao.org/cookie/download/cookie-0.3.1.tgz#e7e0a1f9ef43b4c8ba925c5c5a96e806d16873bb"

debug@2.2.0, debug@~2.2.0:
  version "2.2.0"
  resolved "http://registry.npm.taobao.org/debug/download/debug-2.2.0.tgz#f87057e995b1a1f6ae6a4960664137bc56f039da"
  dependencies:
    ms "0.7.1"

debug@2.3.3:
  version "2.3.3"
  resolved "http://registry.npm.taobao.org/debug/download/debug-2.3.3.tgz#40c453e67e6e13c901ddec317af8986cda9eff8c"
  dependencies:
    ms "0.7.2"

depd@~1.1.0:
  version "1.1.0"
  resolved "https://registry.npmjs.org/depd/-/depd-1.1.0.tgz#e1bd82c6aab6ced965b97b88b17ed3e528ca18c3"

destroy@~1.0.4:
  version "1.0.4"
  resolved "https://registry.npmjs.org/destroy/-/destroy-1.0.4.tgz#978857442c44749e4206613e37946205826abd80"

double-ended-queue@^2.1.0-0:
  version "2.1.0-0"
  resolved "http://registry.npm.taobao.org/double-ended-queue/download/double-ended-queue-2.1.0-0.tgz#103d3527fd31528f40188130c841efdd78264e5c"

ee-first@1.1.1:
  version "1.1.1"
  resolved "https://registry.npmjs.org/ee-first/-/ee-first-1.1.1.tgz#590c61156b0ae2f4f0255732a158b266bc56b21d"

encodeurl@~1.0.1:
  version "1.0.1"
  resolved "https://registry.npmjs.org/encodeurl/-/encodeurl-1.0.1.tgz#79e3d58655346909fe6f0f45a5de68103b294d20"

engine.io-client@1.8.0:
  version "1.8.0"
  resolved "http://registry.npm.taobao.org/engine.io-client/download/engine.io-client-1.8.0.tgz#7b730e4127414087596d9be3c88d2bc5fdb6cf5c"
  dependencies:
    component-emitter "1.2.1"
    component-inherit "0.0.3"
    debug "2.3.3"
    engine.io-parser "1.3.1"
    has-cors "1.1.0"
    indexof "0.0.1"
    parsejson "0.0.3"
    parseqs "0.0.5"
    parseuri "0.0.5"
    ws "1.1.1"
    xmlhttprequest-ssl "1.5.3"
    yeast "0.1.2"

engine.io-parser@1.3.1:
  version "1.3.1"
  resolved "http://registry.npm.taobao.org/engine.io-parser/download/engine.io-parser-1.3.1.tgz#9554f1ae33107d6fbd170ca5466d2f833f6a07cf"
  dependencies:
    after "0.8.1"
    arraybuffer.slice "0.0.6"
    base64-arraybuffer "0.1.5"
    blob "0.0.4"
    has-binary "0.1.6"
    wtf-8 "1.0.0"

engine.io@1.8.0:
  version "1.8.0"
  resolved "http://registry.npm.taobao.org/engine.io/download/engine.io-1.8.0.tgz#3eeb5f264cb75dbbec1baaea26d61f5a4eace2aa"
  dependencies:
    accepts "1.3.3"
    base64id "0.1.0"
    cookie "0.3.1"
    debug "2.3.3"
    engine.io-parser "1.3.1"
    ws "1.1.1"

escape-html@~1.0.3:
  version "1.0.3"
  resolved "https://registry.npmjs.org/escape-html/-/escape-html-1.0.3.tgz#0258eae4d3d0c0974de1c169188ef0051d1d1988"

etag@~1.7.0:
  version "1.7.0"
  resolved "https://registry.npmjs.org/etag/-/etag-1.7.0.tgz#03d30b5f67dd6e632d2945d30d6652731a34d5d8"

express@^4.14.0:
  version "4.14.0"
  resolved "https://registry.npmjs.org/express/-/express-4.14.0.tgz#c1ee3f42cdc891fb3dc650a8922d51ec847d0d66"
  dependencies:
    accepts "~1.3.3"
    array-flatten "1.1.1"
    content-disposition "0.5.1"
    content-type "~1.0.2"
    cookie "0.3.1"
    cookie-signature "1.0.6"
    debug "~2.2.0"
    depd "~1.1.0"
    encodeurl "~1.0.1"
    escape-html "~1.0.3"
    etag "~1.7.0"
    finalhandler "0.5.0"
    fresh "0.3.0"
    merge-descriptors "1.0.1"
    methods "~1.1.2"
    on-finished "~2.3.0"
    parseurl "~1.3.1"
    path-to-regexp "0.1.7"
    proxy-addr "~1.1.2"
    qs "6.2.0"
    range-parser "~1.2.0"
    send "0.14.1"
    serve-static "~1.11.1"
    type-is "~1.6.13"
    utils-merge "1.0.0"
    vary "~1.1.0"

finalhandler@0.5.0:
  version "0.5.0"
  resolved "https://registry.npmjs.org/finalhandler/-/finalhandler-0.5.0.tgz#e9508abece9b6dba871a6942a1d7911b91911ac7"
  dependencies:
    debug "~2.2.0"
    escape-html "~1.0.3"
    on-finished "~2.3.0"
    statuses "~1.3.0"
    unpipe "~1.0.0"

forwarded@~0.1.0:
  version "0.1.0"
  resolved "https://registry.npmjs.org/forwarded/-/forwarded-0.1.0.tgz#19ef9874c4ae1c297bcf078fde63a09b66a84363"

fresh@0.3.0:
  version "0.3.0"
  resolved "https://registry.npmjs.org/fresh/-/fresh-0.3.0.tgz#651f838e22424e7566de161d8358caa199f83d4f"

has-binary@0.1.6:
  version "0.1.6"
  resolved "http://registry.npm.taobao.org/has-binary/download/has-binary-0.1.6.tgz#25326f39cfa4f616ad8787894e3af2cfbc7b6e10"
  dependencies:
    isarray "0.0.1"

has-binary@0.1.7:
  version "0.1.7"
  resolved "http://registry.npm.taobao.org/has-binary/download/has-binary-0.1.7.tgz#68e61eb16210c9545a0a5cce06a873912fe1e68c"
  dependencies:
    isarray "0.0.1"

has-cors@1.1.0:
  version "1.1.0"
  resolved "http://registry.npm.taobao.org/has-cors/download/has-cors-1.1.0.tgz#5e474793f7ea9843d1bb99c23eef49ff126fff39"

http-errors@~1.5.0:
  version "1.5.1"
  resolved "https://registry.npmjs.org/http-errors/-/http-errors-1.5.1.tgz#788c0d2c1de2c81b9e6e8c01843b6b97eb920750"
  dependencies:
    inherits "2.0.3"
    setprototypeof "1.0.2"
    statuses ">= 1.3.1 < 2"

indexof@0.0.1:
  version "0.0.1"
  resolved "http://registry.npm.taobao.org/indexof/download/indexof-0.0.1.tgz#82dc336d232b9062179d05ab3293a66059fd435d"

inherits@2.0.3:
  version "2.0.3"
  resolved "https://registry.npmjs.org/inherits/-/inherits-2.0.3.tgz#633c2c83e3da42a502f52466022480f4208261de"

ipaddr.js@1.1.1:
  version "1.1.1"
  resolved "https://registry.npmjs.org/ipaddr.js/-/ipaddr.js-1.1.1.tgz#c791d95f52b29c1247d5df80ada39b8a73647230"

isarray@0.0.1:
  version "0.0.1"
  resolved "http://registry.npm.taobao.org/isarray/download/isarray-0.0.1.tgz#8a18acfca9a8f4177e09abfc6038939b05d1eedf"

json3@3.3.2:
  version "3.3.2"
  resolved "http://registry.npm.taobao.org/json3/download/json3-3.3.2.tgz#3c0434743df93e2f5c42aee7b19bcb483575f4e1"

media-typer@0.3.0:
  version "0.3.0"
  resolved "https://registry.npmjs.org/media-typer/-/media-typer-0.3.0.tgz#8710d7af0aa626f8fffa1ce00168545263255748"

merge-descriptors@1.0.1:
  version "1.0.1"
  resolved "https://registry.npmjs.org/merge-descriptors/-/merge-descriptors-1.0.1.tgz#b00aaa556dd8b44568150ec9d1b953f3f90cbb61"

methods@~1.1.2:
  version "1.1.2"
  resolved "https://registry.npmjs.org/methods/-/methods-1.1.2.tgz#5529a4d67654134edcc5266656835b0f851afcee"

mime-db@~1.25.0:
  version "1.25.0"
  resolved "http://registry.npm.taobao.org/mime-db/download/mime-db-1.25.0.tgz#c18dbd7c73a5dbf6f44a024dc0d165a1e7b1c392"

mime-types@~2.1.11, mime-types@~2.1.13:
  version "2.1.13"
  resolved "http://registry.npm.taobao.org/mime-types/download/mime-types-2.1.13.tgz#e07aaa9c6c6b9a7ca3012c69003ad25a39e92a88"
  dependencies:
    mime-db "~1.25.0"

mime@1.3.4:
  version "1.3.4"
  resolved "https://registry.npmjs.org/mime/-/mime-1.3.4.tgz#115f9e3b6b3daf2959983cb38f149a2d40eb5d53"

ms@0.7.1:
  version "0.7.1"
  resolved "http://registry.npm.taobao.org/ms/download/ms-0.7.1.tgz#9cd13c03adbff25b65effde7ce864ee952017098"

ms@0.7.2:
  version "0.7.2"
  resolved "http://registry.npm.taobao.org/ms/download/ms-0.7.2.tgz#ae25cf2512b3885a1d95d7f037868d8431124765"

negotiator@0.6.1:
  version "0.6.1"
  resolved "http://registry.npm.taobao.org/negotiator/download/negotiator-0.6.1.tgz#2b327184e8992101177b28563fb5e7102acd0ca9"

object-assign@4.1.0:
  version "4.1.0"
  resolved "http://registry.npm.taobao.org/object-assign/download/object-assign-4.1.0.tgz#7a3b3d0e98063d43f4c03f2e8ae6cd51a86883a0"

object-component@0.0.3:
  version "0.0.3"
  resolved "http://registry.npm.taobao.org/object-component/download/object-component-0.0.3.tgz#f0c69aa50efc95b866c186f400a33769cb2f1291"

on-finished@~2.3.0:
  version "2.3.0"
  resolved "https://registry.npmjs.org/on-finished/-/on-finished-2.3.0.tgz#20f1336481b083cd75337992a16971aa2d906947"
  dependencies:
    ee-first "1.1.1"

options@>=0.0.5:
  version "0.0.6"
  resolved "http://registry.npm.taobao.org/options/download/options-0.0.6.tgz#ec22d312806bb53e731773e7cdaefcf1c643128f"

parsejson@0.0.3:
  version "0.0.3"
  resolved "http://registry.npm.taobao.org/parsejson/download/parsejson-0.0.3.tgz#ab7e3759f209ece99437973f7d0f1f64ae0e64ab"
  dependencies:
    better-assert "~1.0.0"

parseqs@0.0.5:
  version "0.0.5"
  resolved "http://registry.npm.taobao.org/parseqs/download/parseqs-0.0.5.tgz#d5208a3738e46766e291ba2ea173684921a8b89d"
  dependencies:
    better-assert "~1.0.0"

parseuri@0.0.5:
  version "0.0.5"
  resolved "http://registry.npm.taobao.org/parseuri/download/parseuri-0.0.5.tgz#80204a50d4dbb779bfdc6ebe2778d90e4bce320a"
  dependencies:
    better-assert "~1.0.0"

parseurl@~1.3.1:
  version "1.3.1"
  resolved "https://registry.npmjs.org/parseurl/-/parseurl-1.3.1.tgz#c8ab8c9223ba34888aa64a297b28853bec18da56"

path-to-regexp@0.1.7:
  version "0.1.7"
  resolved "https://registry.npmjs.org/path-to-regexp/-/path-to-regexp-0.1.7.tgz#df604178005f522f15eb4490e7247a1bfaa67f8c"

proxy-addr@~1.1.2:
  version "1.1.2"
  resolved "https://registry.npmjs.org/proxy-addr/-/proxy-addr-1.1.2.tgz#b4cc5f22610d9535824c123aef9d3cf73c40ba37"
  dependencies:
    forwarded "~0.1.0"
    ipaddr.js "1.1.1"

qs@6.2.0:
  version "6.2.0"
  resolved "https://registry.npmjs.org/qs/-/qs-6.2.0.tgz#3b7848c03c2dece69a9522b0fae8c4126d745f3b"

range-parser@~1.2.0:
  version "1.2.0"
  resolved "https://registry.npmjs.org/range-parser/-/range-parser-1.2.0.tgz#f49be6b487894ddc40dcc94a322f611092e00d5e"

redis:
  version "2.6.3"
  resolved "http://registry.npm.taobao.org/redis/download/redis-2.6.3.tgz#84305b92553c6a1f09c7c47c30b11ace7dbb7ad4"
  dependencies:
    double-ended-queue "^2.1.0-0"
    redis-commands "^1.2.0"
    redis-parser "^2.0.0"

redis-commands@^1.2.0:
  version "1.3.0"
  resolved "http://registry.npm.taobao.org/redis-commands/download/redis-commands-1.3.0.tgz#4307d8094aee1315829ab6729b37b99f62365d63"

redis-parser@^2.0.0:
  version "2.3.0"
  resolved "http://registry.npm.taobao.org/redis-parser/download/redis-parser-2.3.0.tgz#313a47965e49ee35ab3a86c93388b403d76237f6"

send@0.14.1:
  version "0.14.1"
  resolved "https://registry.npmjs.org/send/-/send-0.14.1.tgz#a954984325392f51532a7760760e459598c89f7a"
  dependencies:
    debug "~2.2.0"
    depd "~1.1.0"
    destroy "~1.0.4"
    encodeurl "~1.0.1"
    escape-html "~1.0.3"
    etag "~1.7.0"
    fresh "0.3.0"
    http-errors "~1.5.0"
    mime "1.3.4"
    ms "0.7.1"
    on-finished "~2.3.0"
    range-parser "~1.2.0"
    statuses "~1.3.0"

serve-static@~1.11.1:
  version "1.11.1"
  resolved "https://registry.npmjs.org/serve-static/-/serve-static-1.11.1.tgz#d6cce7693505f733c759de57befc1af76c0f0805"
  dependencies:
    encodeurl "~1.0.1"
    escape-html "~1.0.3"
    parseurl "~1.3.1"
    send "0.14.1"

setprototypeof@1.0.2:
  version "1.0.2"
  resolved "https://registry.npmjs.org/setprototypeof/-/setprototypeof-1.0.2.tgz#81a552141ec104b88e89ce383103ad5c66564d08"

socket.io:
  version "1.6.0"
  resolved "http://registry.npm.taobao.org/socket.io/download/socket.io-1.6.0.tgz#3e40d932637e6bd923981b25caf7c53e83b6e2e1"
  dependencies:
    debug "2.3.3"
    engine.io "1.8.0"
    has-binary "0.1.7"
    object-assign "4.1.0"
    socket.io-adapter "0.5.0"
    socket.io-client "1.6.0"
    socket.io-parser "2.3.1"

socket.io-adapter@0.5.0:
  version "0.5.0"
  resolved "http://registry.npm.taobao.org/socket.io-adapter/download/socket.io-adapter-0.5.0.tgz#cb6d4bb8bec81e1078b99677f9ced0046066bb8b"
  dependencies:
    debug "2.3.3"
    socket.io-parser "2.3.1"

socket.io-client@1.6.0:
  version "1.6.0"
  resolved "http://registry.npm.taobao.org/socket.io-client/download/socket.io-client-1.6.0.tgz#5b668f4f771304dfeed179064708386fa6717853"
  dependencies:
    backo2 "1.0.2"
    component-bind "1.0.0"
    component-emitter "1.2.1"
    debug "2.3.3"
    engine.io-client "1.8.0"
    has-binary "0.1.7"
    indexof "0.0.1"
    object-component "0.0.3"
    parseuri "0.0.5"
    socket.io-parser "2.3.1"
    to-array "0.1.4"

socket.io-parser@2.3.1:
  version "2.3.1"
  resolved "http://registry.npm.taobao.org/socket.io-parser/download/socket.io-parser-2.3.1.tgz#dd532025103ce429697326befd64005fcfe5b4a0"
  dependencies:
    component-emitter "1.1.2"
    debug "2.2.0"
    isarray "0.0.1"
    json3 "3.3.2"

"statuses@>= 1.3.1 < 2", statuses@~1.3.0:
  version "1.3.1"
  resolved "https://registry.npmjs.org/statuses/-/statuses-1.3.1.tgz#faf51b9eb74aaef3b3acf4ad5f61abf24cb7b93e"

to-array@0.1.4:
  version "0.1.4"
  resolved "http://registry.npm.taobao.org/to-array/download/to-array-0.1.4.tgz#17e6c11f73dd4f3d74cda7a4ff3238e9ad9bf890"

type-is@~1.6.13:
  version "1.6.14"
  resolved "https://registry.npmjs.org/type-is/-/type-is-1.6.14.tgz#e219639c17ded1ca0789092dd54a03826b817cb2"
  dependencies:
    media-typer "0.3.0"
    mime-types "~2.1.13"

ultron@1.0.x:
  version "1.0.2"
  resolved "http://registry.npm.taobao.org/ultron/download/ultron-1.0.2.tgz#ace116ab557cd197386a4e88f4685378c8b2e4fa"

unpipe@~1.0.0:
  version "1.0.0"
  resolved "https://registry.npmjs.org/unpipe/-/unpipe-1.0.0.tgz#b2bf4ee8514aae6165b4817829d21b2ef49904ec"

utils-merge@1.0.0:
  version "1.0.0"
  resolved "https://registry.npmjs.org/utils-merge/-/utils-merge-1.0.0.tgz#0294fb922bb9375153541c4f7096231f287c8af8"

vary@~1.1.0:
  version "1.1.0"
  resolved "https://registry.npmjs.org/vary/-/vary-1.1.0.tgz#e1e5affbbd16ae768dd2674394b9ad3022653140"

ws@1.1.1:
  version "1.1.1"
  resolved "http://registry.npm.taobao.org/ws/download/ws-1.1.1.tgz#082ddb6c641e85d4bb451f03d52f06eabdb1f018"
  dependencies:
    options ">=0.0.5"
    ultron "1.0.x"

wtf-8@1.0.0:
  version "1.0.0"
  resolved "http://registry.npm.taobao.org/wtf-8/download/wtf-8-1.0.0.tgz#392d8ba2d0f1c34d1ee2d630f15d0efb68e1048a"

xmlhttprequest-ssl@1.5.3:
  version "1.5.3"
  resolved "http://registry.npm.taobao.org/xmlhttprequest-ssl/download/xmlhttprequest-ssl-1.5.3.tgz#185a888c04eca46c3e4070d99f7b49de3528992d"

yeast@0.1.2:
  version "0.1.2"
  resolved "http://registry.npm.taobao.org/yeast/download/yeast-0.1.2.tgz#008e06d8094320c372dbc2f8ed76a0ca6c8ac419"
